// !$*UTF8*$!
{
	archiveVersion = 1;
	classes = {
	};
	objectVersion = 48;
	objects = {

/* Begin PBXBuildFile section */
		05313D141FD9A99E006FB69A /* main.cpp in Sources */ = {isa = PBXBuildFile; fileRef = 05313D131FD9A99E006FB69A /* main.cpp */; };
		05313D1F1FD9CDFC006FB69A /* libntstat.a in Frameworks */ = {isa = PBXBuildFile; fileRef = 05C21B361FD9A59000DDAC9B /* libntstat.a */; };
		05313D211FD9D3F2006FB69A /* ntstat_kernel_3789.cpp in Sources */ = {isa = PBXBuildFile; fileRef = 05313D201FD9D3F2006FB69A /* ntstat_kernel_3789.cpp */; };
		05313D2B1FD9F5A5006FB69A /* ntstat_kernel_3248.cpp in Sources */ = {isa = PBXBuildFile; fileRef = 05313D221FD9F5A3006FB69A /* ntstat_kernel_3248.cpp */; };
		05313D2C1FD9F5A5006FB69A /* ntstat_kernel_3789.h in Headers */ = {isa = PBXBuildFile; fileRef = 05313D231FD9F5A4006FB69A /* ntstat_kernel_3789.h */; };
		05313D2D1FD9F5A5006FB69A /* ntstat_kernel_2782.h in Headers */ = {isa = PBXBuildFile; fileRef = 05313D241FD9F5A4006FB69A /* ntstat_kernel_2782.h */; };
		05313D2E1FD9F5A5006FB69A /* ntstat_kernel_2422.h in Headers */ = {isa = PBXBuildFile; fileRef = 05313D251FD9F5A4006FB69A /* ntstat_kernel_2422.h */; };
		05313D2F1FD9F5A5006FB69A /* ntstat_kernel_4570.h in Headers */ = {isa = PBXBuildFile; fileRef = 05313D261FD9F5A4006FB69A /* ntstat_kernel_4570.h */; };
		05313D301FD9F5A5006FB69A /* ntstat_kernel_3248.h in Headers */ = {isa = PBXBuildFile; fileRef = 05313D271FD9F5A4006FB69A /* ntstat_kernel_3248.h */; };
		05313D311FD9F5A5006FB69A /* ntstat_kernel_4570.cpp in Sources */ = {isa = PBXBuildFile; fileRef = 05313D281FD9F5A4006FB69A /* ntstat_kernel_4570.cpp */; };
		05313D321FD9F5A5006FB69A /* ntstat_kernel_2050.h in Headers */ = {isa = PBXBuildFile; fileRef = 05313D291FD9F5A5006FB69A /* ntstat_kernel_2050.h */; };
		05313D331FD9F5A5006FB69A /* ntstat_kernel_3247.h in Headers */ = {isa = PBXBuildFile; fileRef = 05313D2A1FD9F5A5006FB69A /* ntstat_kernel_3247.h */; };
		05313D361FD9F7AB006FB69A /* ntstat_kernel_2782.cpp in Sources */ = {isa = PBXBuildFile; fileRef = 05313D341FD9F7AB006FB69A /* ntstat_kernel_2782.cpp */; };
		05313D371FD9F7AB006FB69A /* ntstat_kernel_2422.cpp in Sources */ = {isa = PBXBuildFile; fileRef = 05313D351FD9F7AB006FB69A /* ntstat_kernel_2422.cpp */; };
		05313D391FDA051F006FB69A /* NetworkStatisticsClientImpl.cpp in Sources */ = {isa = PBXBuildFile; fileRef = 05313D381FDA051F006FB69A /* NetworkStatisticsClientImpl.cpp */; };
		05313D3B1FDA0E2E006FB69A /* NTStatKernelStructHandler.hpp in Headers */ = {isa = PBXBuildFile; fileRef = 05313D3A1FDA0E2D006FB69A /* NTStatKernelStructHandler.hpp */; };
/* End PBXBuildFile section */

/* Begin PBXContainerItemProxy section */
		05313D181FD9AEEE006FB69A /* PBXContainerItemProxy */ = {
			isa = PBXContainerItemProxy;
			containerPortal = 05C21B2E1FD9A59000DDAC9B /* Project object */;
			proxyType = 1;
			remoteGlobalIDString = 05C21B351FD9A59000DDAC9B;
			remoteInfo = libntstat;
		};
/* End PBXContainerItemProxy section */

/* Begin PBXCopyFilesBuildPhase section */
		05313D0F1FD9A99E006FB69A /* CopyFiles */ = {
			isa = PBXCopyFilesBuildPhase;
			buildActionMask = 2147483647;
			dstPath = /usr/share/man/man1/;
			dstSubfolderSpec = 0;
			files = (
			);
			runOnlyForDeploymentPostprocessing = 1;
		};
/* End PBXCopyFilesBuildPhase section */

/* Begin PBXFileReference section */
		05313D0C1FD9A665006FB69A /* include */ = {isa = PBXFileReference; lastKnownFileType = folder; path = include; sourceTree = "<group>"; };
		05313D111FD9A99E006FB69A /* demo */ = {isa = PBXFileReference; explicitFileType = "compiled.mach-o.executable"; includeInIndex = 0; path = demo; sourceTree = BUILT_PRODUCTS_DIR; };
		05313D131FD9A99E006FB69A /* main.cpp */ = {isa = PBXFileReference; lastKnownFileType = sourcecode.cpp.cpp; path = main.cpp; sourceTree = "<group>"; };
		05313D201FD9D3F2006FB69A /* ntstat_kernel_3789.cpp */ = {isa = PBXFileReference; lastKnownFileType = sourcecode.cpp.cpp; name = ntstat_kernel_3789.cpp; path = src/ntstat_kernel_3789.cpp; sourceTree = "<group>"; };
		05313D221FD9F5A3006FB69A /* ntstat_kernel_3248.cpp */ = {isa = PBXFileReference; fileEncoding = 4; lastKnownFileType = sourcecode.cpp.cpp; name = ntstat_kernel_3248.cpp; path = src/ntstat_kernel_3248.cpp; sourceTree = "<group>"; };
		05313D231FD9F5A4006FB69A /* ntstat_kernel_3789.h */ = {isa = PBXFileReference; fileEncoding = 4; lastKnownFileType = sourcecode.c.h; name = ntstat_kernel_3789.h; path = src/ntstat_kernel_3789.h; sourceTree = "<group>"; };
		05313D241FD9F5A4006FB69A /* ntstat_kernel_2782.h */ = {isa = PBXFileReference; fileEncoding = 4; lastKnownFileType = sourcecode.c.h; name = ntstat_kernel_2782.h; path = src/ntstat_kernel_2782.h; sourceTree = "<group>"; };
		05313D251FD9F5A4006FB69A /* ntstat_kernel_2422.h */ = {isa = PBXFileReference; fileEncoding = 4; lastKnownFileType = sourcecode.c.h; name = ntstat_kernel_2422.h; path = src/ntstat_kernel_2422.h; sourceTree = "<group>"; };
		05313D261FD9F5A4006FB69A /* ntstat_kernel_4570.h */ = {isa = PBXFileReference; fileEncoding = 4; lastKnownFileType = sourcecode.c.h; name = ntstat_kernel_4570.h; path = src/ntstat_kernel_4570.h; sourceTree = "<group>"; };
		05313D271FD9F5A4006FB69A /* ntstat_kernel_3248.h */ = {isa = PBXFileReference; fileEncoding = 4; lastKnownFileType = sourcecode.c.h; name = ntstat_kernel_3248.h; path = src/ntstat_kernel_3248.h; sourceTree = "<group>"; };
		05313D281FD9F5A4006FB69A /* ntstat_kernel_4570.cpp */ = {isa = PBXFileReference; fileEncoding = 4; lastKnownFileType = sourcecode.cpp.cpp; name = ntstat_kernel_4570.cpp; path = src/ntstat_kernel_4570.cpp; sourceTree = "<group>"; };
		05313D291FD9F5A5006FB69A /* ntstat_kernel_2050.h */ = {isa = PBXFileReference; fileEncoding = 4; lastKnownFileType = sourcecode.c.h; name = ntstat_kernel_2050.h; path = src/ntstat_kernel_2050.h; sourceTree = "<group>"; };
		05313D2A1FD9F5A5006FB69A /* ntstat_kernel_3247.h */ = {isa = PBXFileReference; fileEncoding = 4; lastKnownFileType = sourcecode.c.h; name = ntstat_kernel_3247.h; path = src/ntstat_kernel_3247.h; sourceTree = "<group>"; };
		05313D341FD9F7AB006FB69A /* ntstat_kernel_2782.cpp */ = {isa = PBXFileReference; fileEncoding = 4; lastKnownFileType = sourcecode.cpp.cpp; name = ntstat_kernel_2782.cpp; path = src/ntstat_kernel_2782.cpp; sourceTree = "<group>"; };
		05313D351FD9F7AB006FB69A /* ntstat_kernel_2422.cpp */ = {isa = PBXFileReference; fileEncoding = 4; lastKnownFileType = sourcecode.cpp.cpp; name = ntstat_kernel_2422.cpp; path = src/ntstat_kernel_2422.cpp; sourceTree = "<group>"; };
		05313D381FDA051F006FB69A /* NetworkStatisticsClientImpl.cpp */ = {isa = PBXFileReference; fileEncoding = 4; lastKnownFileType = sourcecode.cpp.cpp; name = NetworkStatisticsClientImpl.cpp; path = src/NetworkStatisticsClientImpl.cpp; sourceTree = "<group>"; };
		05313D3A1FDA0E2D006FB69A /* NTStatKernelStructHandler.hpp */ = {isa = PBXFileReference; fileEncoding = 4; lastKnownFileType = sourcecode.cpp.h; name = NTStatKernelStructHandler.hpp; path = src/NTStatKernelStructHandler.hpp; sourceTree = "<group>"; };
		05C21B361FD9A59000DDAC9B /* libntstat.a */ = {isa = PBXFileReference; explicitFileType = archive.ar; includeInIndex = 0; path = libntstat.a; sourceTree = BUILT_PRODUCTS_DIR; };
/* End PBXFileReference section */

/* Begin PBXFrameworksBuildPhase section */
		05313D0E1FD9A99E006FB69A /* Frameworks */ = {
			isa = PBXFrameworksBuildPhase;
			buildActionMask = 2147483647;
			files = (
				05313D1F1FD9CDFC006FB69A /* libntstat.a in Frameworks */,
			);
			runOnlyForDeploymentPostprocessing = 0;
		};
		05C21B331FD9A59000DDAC9B /* Frameworks */ = {
			isa = PBXFrameworksBuildPhase;
			buildActionMask = 2147483647;
			files = (
			);
			runOnlyForDeploymentPostprocessing = 0;
		};
/* End PBXFrameworksBuildPhase section */

/* Begin PBXGroup section */
		05313D121FD9A99E006FB69A /* demo */ = {
			isa = PBXGroup;
			children = (
				05313D131FD9A99E006FB69A /* main.cpp */,
			);
			path = demo;
			sourceTree = "<group>";
		};
		05313D1A1FD9AEFC006FB69A /* Frameworks */ = {
			isa = PBXGroup;
			children = (
			);
			name = Frameworks;
			sourceTree = "<group>";
		};
		05C21B2D1FD9A59000DDAC9B = {
			isa = PBXGroup;
			children = (
				05313D3A1FDA0E2D006FB69A /* NTStatKernelStructHandler.hpp */,
				05313D381FDA051F006FB69A /* NetworkStatisticsClientImpl.cpp */,
				05313D351FD9F7AB006FB69A /* ntstat_kernel_2422.cpp */,
				05313D341FD9F7AB006FB69A /* ntstat_kernel_2782.cpp */,
				05313D291FD9F5A5006FB69A /* ntstat_kernel_2050.h */,
				05313D251FD9F5A4006FB69A /* ntstat_kernel_2422.h */,
				05313D241FD9F5A4006FB69A /* ntstat_kernel_2782.h */,
				05313D2A1FD9F5A5006FB69A /* ntstat_kernel_3247.h */,
				05313D221FD9F5A3006FB69A /* ntstat_kernel_3248.cpp */,
				05313D271FD9F5A4006FB69A /* ntstat_kernel_3248.h */,
				05313D231FD9F5A4006FB69A /* ntstat_kernel_3789.h */,
				05313D281FD9F5A4006FB69A /* ntstat_kernel_4570.cpp */,
				05313D261FD9F5A4006FB69A /* ntstat_kernel_4570.h */,
				05313D201FD9D3F2006FB69A /* ntstat_kernel_3789.cpp */,
				05313D0C1FD9A665006FB69A /* include */,
				05313D121FD9A99E006FB69A /* demo */,
				05C21B371FD9A59000DDAC9B /* Products */,
				05313D1A1FD9AEFC006FB69A /* Frameworks */,
			);
			sourceTree = "<group>";
		};
		05C21B371FD9A59000DDAC9B /* Products */ = {
			isa = PBXGroup;
			children = (
				05C21B361FD9A59000DDAC9B /* libntstat.a */,
				05313D111FD9A99E006FB69A /* demo */,
			);
			name = Products;
			sourceTree = "<group>";
		};
/* End PBXGroup section */

/* Begin PBXHeadersBuildPhase section */
		05C21B341FD9A59000DDAC9B /* Headers */ = {
			isa = PBXHeadersBuildPhase;
			buildActionMask = 2147483647;
			files = (
				05313D331FD9F5A5006FB69A /* ntstat_kernel_3247.h in Headers */,
				05313D301FD9F5A5006FB69A /* ntstat_kernel_3248.h in Headers */,
				05313D2D1FD9F5A5006FB69A /* ntstat_kernel_2782.h in Headers */,
				05313D2C1FD9F5A5006FB69A /* ntstat_kernel_3789.h in Headers */,
				05313D2E1FD9F5A5006FB69A /* ntstat_kernel_2422.h in Headers */,
				05313D3B1FDA0E2E006FB69A /* NTStatKernelStructHandler.hpp in Headers */,
				05313D321FD9F5A5006FB69A /* ntstat_kernel_2050.h in Headers */,
				05313D2F1FD9F5A5006FB69A /* ntstat_kernel_4570.h in Headers */,
			);
			runOnlyForDeploymentPostprocessing = 0;
		};
/* End PBXHeadersBuildPhase section */

/* Begin PBXNativeTarget section */
		05313D101FD9A99E006FB69A /* demo */ = {
			isa = PBXNativeTarget;
			buildConfigurationList = 05313D151FD9A99E006FB69A /* Build configuration list for PBXNativeTarget "demo" */;
			buildPhases = (
				05313D0D1FD9A99E006FB69A /* Sources */,
				05313D0E1FD9A99E006FB69A /* Frameworks */,
				05313D0F1FD9A99E006FB69A /* CopyFiles */,
			);
			buildRules = (
			);
			dependencies = (
				05313D191FD9AEEE006FB69A /* PBXTargetDependency */,
			);
			name = demo;
			productName = demo;
			productReference = 05313D111FD9A99E006FB69A /* demo */;
			productType = "com.apple.product-type.tool";
		};
		05C21B351FD9A59000DDAC9B /* libntstat */ = {
			isa = PBXNativeTarget;
			buildConfigurationList = 05C21B411FD9A59000DDAC9B /* Build configuration list for PBXNativeTarget "libntstat" */;
			buildPhases = (
				05C21B321FD9A59000DDAC9B /* Sources */,
				05C21B331FD9A59000DDAC9B /* Frameworks */,
				05C21B341FD9A59000DDAC9B /* Headers */,
			);
			buildRules = (
			);
			dependencies = (
			);
			name = libntstat;
			productName = libntstat;
			productReference = 05C21B361FD9A59000DDAC9B /* libntstat.a */;
			productType = "com.apple.product-type.library.static";
		};
/* End PBXNativeTarget section */

/* Begin PBXProject section */
		05C21B2E1FD9A59000DDAC9B /* Project object */ = {
			isa = PBXProject;
			attributes = {
				LastUpgradeCheck = 0910;
				ORGANIZATIONNAME = AlexMalone;
				TargetAttributes = {
					05313D101FD9A99E006FB69A = {
						CreatedOnToolsVersion = 9.1;
						ProvisioningStyle = Automatic;
					};
					05C21B351FD9A59000DDAC9B = {
						CreatedOnToolsVersion = 9.1;
						ProvisioningStyle = Automatic;
					};
				};
			};
			buildConfigurationList = 05C21B311FD9A59000DDAC9B /* Build configuration list for PBXProject "libntstat" */;
			compatibilityVersion = "Xcode 8.0";
			developmentRegion = en;
			hasScannedForEncodings = 0;
			knownRegions = (
				en,
			);
			mainGroup = 05C21B2D1FD9A59000DDAC9B;
			productRefGroup = 05C21B371FD9A59000DDAC9B /* Products */;
			projectDirPath = "";
			projectRoot = "";
			targets = (
				05C21B351FD9A59000DDAC9B /* libntstat */,
				05313D101FD9A99E006FB69A /* demo */,
			);
		};
/* End PBXProject section */

/* Begin PBXSourcesBuildPhase section */
		05313D0D1FD9A99E006FB69A /* Sources */ = {
			isa = PBXSourcesBuildPhase;
			buildActionMask = 2147483647;
			files = (
				05313D141FD9A99E006FB69A /* main.cpp in Sources */,
			);
			runOnlyForDeploymentPostprocessing = 0;
		};
		05C21B321FD9A59000DDAC9B /* Sources */ = {
			isa = PBXSourcesBuildPhase;
			buildActionMask = 2147483647;
			files = (
				05313D391FDA051F006FB69A /* NetworkStatisticsClientImpl.cpp in Sources */,
				05313D371FD9F7AB006FB69A /* ntstat_kernel_2422.cpp in Sources */,
				05313D361FD9F7AB006FB69A /* ntstat_kernel_2782.cpp in Sources */,
				05313D311FD9F5A5006FB69A /* ntstat_kernel_4570.cpp in Sources */,
				05313D211FD9D3F2006FB69A /* ntstat_kernel_3789.cpp in Sources */,
				05313D2B1FD9F5A5006FB69A /* ntstat_kernel_3248.cpp in Sources */,
			);
			runOnlyForDeploymentPostprocessing = 0;
		};
/* End PBXSourcesBuildPhase section */

/* Begin PBXTargetDependency section */
		05313D191FD9AEEE006FB69A /* PBXTargetDependency */ = {
			isa = PBXTargetDependency;
			target = 05C21B351FD9A59000DDAC9B /* libntstat */;
			targetProxy = 05313D181FD9AEEE006FB69A /* PBXContainerItemProxy */;
		};
/* End PBXTargetDependency section */

/* Begin XCBuildConfiguration section */
		05313D161FD9A99E006FB69A /* Debug */ = {
			isa = XCBuildConfiguration;
			buildSettings = {
				CODE_SIGN_STYLE = Automatic;
				MACOSX_DEPLOYMENT_TARGET = 10.7;
				PRODUCT_NAME = "$(TARGET_NAME)";
			};
			name = Debug;
		};
		05313D171FD9A99E006FB69A /* Release */ = {
			isa = XCBuildConfiguration;
			buildSettings = {
				CODE_SIGN_STYLE = Automatic;
				MACOSX_DEPLOYMENT_TARGET = 10.7;
				PRODUCT_NAME = "$(TARGET_NAME)";
			};
			name = Release;
		};
		05C21B3F1FD9A59000DDAC9B /* Debug */ = {
			isa = XCBuildConfiguration;
			buildSettings = {
				ALWAYS_SEARCH_USER_PATHS = NO;
				CLANG_ANALYZER_NONNULL = YES;
				CLANG_ANALYZER_NUMBER_OBJECT_CONVERSION = YES_AGGRESSIVE;
				CLANG_CXX_LANGUAGE_STANDARD = "gnu++14";
				CLANG_CXX_LIBRARY = "libc++";
				CLANG_ENABLE_MODULES = YES;
				CLANG_ENABLE_OBJC_ARC = YES;
				CLANG_WARN_BLOCK_CAPTURE_AUTORELEASING = YES;
				CLANG_WARN_BOOL_CONVERSION = YES;
				CLANG_WARN_COMMA = YES;
				CLANG_WARN_CONSTANT_CONVERSION = YES;
				CLANG_WARN_DIRECT_OBJC_ISA_USAGE = YES_ERROR;
				CLANG_WARN_DOCUMENTATION_COMMENTS = YES;
				CLANG_WARN_EMPTY_BODY = YES;
				CLANG_WARN_ENUM_CONVERSION = YES;
				CLANG_WARN_INFINITE_RECURSION = YES;
				CLANG_WARN_INT_CONVERSION = YES;
				CLANG_WARN_NON_LITERAL_NULL_CONVERSION = YES;
				CLANG_WARN_OBJC_LITERAL_CONVERSION = YES;
				CLANG_WARN_OBJC_ROOT_CLASS = YES_ERROR;
				CLANG_WARN_RANGE_LOOP_ANALYSIS = YES;
				CLANG_WARN_STRICT_PROTOTYPES = YES;
				CLANG_WARN_SUSPICIOUS_MOVE = YES;
				CLANG_WARN_UNGUARDED_AVAILABILITY = YES_AGGRESSIVE;
				CLANG_WARN_UNREACHABLE_CODE = YES;
				CLANG_WARN__DUPLICATE_METHOD_MATCH = YES;
				CODE_SIGN_IDENTITY = "-";
				COPY_PHASE_STRIP = NO;
				DEBUG_INFORMATION_FORMAT = dwarf;
				ENABLE_STRICT_OBJC_MSGSEND = YES;
				ENABLE_TESTABILITY = YES;
				GCC_C_LANGUAGE_STANDARD = gnu11;
				GCC_DYNAMIC_NO_PIC = NO;
				GCC_NO_COMMON_BLOCKS = YES;
				GCC_OPTIMIZATION_LEVEL = 0;
				GCC_PREPROCESSOR_DEFINITIONS = (
					"DEBUG=1",
					"$(inherited)",
				);
				GCC_WARN_64_TO_32_BIT_CONVERSION = YES;
				GCC_WARN_ABOUT_RETURN_TYPE = YES_ERROR;
				GCC_WARN_UNDECLARED_SELECTOR = YES;
				GCC_WARN_UNINITIALIZED_AUTOS = YES_AGGRESSIVE;
				GCC_WARN_UNUSED_FUNCTION = YES;
				GCC_WARN_UNUSED_VARIABLE = YES;
				MACOSX_DEPLOYMENT_TARGET = 10.12;
				MTL_ENABLE_DEBUG_INFO = YES;
				ONLY_ACTIVE_ARCH = YES;
				SDKROOT = macosx;
			};
			name = Debug;
		};
		05C21B401FD9A59000DDAC9B /* Release */ = {
			isa = XCBuildConfiguration;
			buildSettings = {
				ALWAYS_SEARCH_USER_PATHS = NO;
				CLANG_ANALYZER_NONNULL = YES;
				CLANG_ANALYZER_NUMBER_OBJECT_CONVERSION = YES_AGGRESSIVE;
				CLANG_CXX_LANGUAGE_STANDARD = "gnu++14";
				CLANG_CXX_LIBRARY = "libc++";
				CLANG_ENABLE_MODULES = YES;
				CLANG_ENABLE_OBJC_ARC = YES;
				CLANG_WARN_BLOCK_CAPTURE_AUTORELEASING = YES;
				CLANG_WARN_BOOL_CONVERSION = YES;
				CLANG_WARN_COMMA = YES;
				CLANG_WARN_CONSTANT_CONVERSION = YES;
				CLANG_WARN_DIRECT_OBJC_ISA_USAGE = YES_ERROR;
				CLANG_WARN_DOCUMENTATION_COMMENTS = YES;
				CLANG_WARN_EMPTY_BODY = YES;
				CLANG_WARN_ENUM_CONVERSION = YES;
				CLANG_WARN_INFINITE_RECURSION = YES;
				CLANG_WARN_INT_CONVERSION = YES;
				CLANG_WARN_NON_LITERAL_NULL_CONVERSION = YES;
				CLANG_WARN_OBJC_LITERAL_CONVERSION = YES;
				CLANG_WARN_OBJC_ROOT_CLASS = YES_ERROR;
				CLANG_WARN_RANGE_LOOP_ANALYSIS = YES;
				CLANG_WARN_STRICT_PROTOTYPES = YES;
				CLANG_WARN_SUSPICIOUS_MOVE = YES;
				CLANG_WARN_UNGUARDED_AVAILABILITY = YES_AGGRESSIVE;
				CLANG_WARN_UNREACHABLE_CODE = YES;
				CLANG_WARN__DUPLICATE_METHOD_MATCH = YES;
				CODE_SIGN_IDENTITY = "-";
				COPY_PHASE_STRIP = NO;
				DEBUG_INFORMATION_FORMAT = "dwarf-with-dsym";
				ENABLE_NS_ASSERTIONS = NO;
				ENABLE_STRICT_OBJC_MSGSEND = YES;
				GCC_C_LANGUAGE_STANDARD = gnu11;
				GCC_NO_COMMON_BLOCKS = YES;
				GCC_WARN_64_TO_32_BIT_CONVERSION = YES;
				GCC_WARN_ABOUT_RETURN_TYPE = YES_ERROR;
				GCC_WARN_UNDECLARED_SELECTOR = YES;
				GCC_WARN_UNINITIALIZED_AUTOS = YES_AGGRESSIVE;
				GCC_WARN_UNUSED_FUNCTION = YES;
				GCC_WARN_UNUSED_VARIABLE = YES;
				MACOSX_DEPLOYMENT_TARGET = 10.12;
				MTL_ENABLE_DEBUG_INFO = NO;
				SDKROOT = macosx;
			};
			name = Release;
		};
		05C21B421FD9A59000DDAC9B /* Debug */ = {
			isa = XCBuildConfiguration;
			buildSettings = {
				CODE_SIGN_STYLE = Automatic;
				EXECUTABLE_PREFIX = "";
				GCC_ENABLE_CPP_EXCEPTIONS = YES;
				GCC_ENABLE_CPP_RTTI = YES;
				MACOSX_DEPLOYMENT_TARGET = 10.7;
				PRODUCT_NAME = "$(TARGET_NAME)";
			};
			name = Debug;
		};
		05C21B431FD9A59000DDAC9B /* Release */ = {
			isa = XCBuildConfiguration;
			buildSettings = {
				CODE_SIGN_STYLE = Automatic;
				EXECUTABLE_PREFIX = "";
				GCC_ENABLE_CPP_EXCEPTIONS = YES;
				GCC_ENABLE_CPP_RTTI = YES;
				MACOSX_DEPLOYMENT_TARGET = 10.7;
				PRODUCT_NAME = "$(TARGET_NAME)";
			};
			name = Release;
		};
/* End XCBuildConfiguration section */

/* Begin XCConfigurationList section */
		05313D151FD9A99E006FB69A /* Build configuration list for PBXNativeTarget "demo" */ = {
			isa = XCConfigurationList;
			buildConfigurations = (
				05313D161FD9A99E006FB69A /* Debug */,
				05313D171FD9A99E006FB69A /* Release */,
			);
			defaultConfigurationIsVisible = 0;
			defaultConfigurationName = Release;
		};
		05C21B311FD9A59000DDAC9B /* Build configuration list for PBXProject "libntstat" */ = {
			isa = XCConfigurationList;
			buildConfigurations = (
				05C21B3F1FD9A59000DDAC9B /* Debug */,
				05C21B401FD9A59000DDAC9B /* Release */,
			);
			defaultConfigurationIsVisible = 0;
			defaultConfigurationName = Release;
		};
		05C21B411FD9A59000DDAC9B /* Build configuration list for PBXNativeTarget "libntstat" */ = {
			isa = XCConfigurationList;
			buildConfigurations = (
				05C21B421FD9A59000DDAC9B /* Debug */,
				05C21B431FD9A59000DDAC9B /* Release */,
			);
			defaultConfigurationIsVisible = 0;
			defaultConfigurationName = Release;
		};
/* End XCConfigurationList section */
	};
	rootObject = 05C21B2E1FD9A59000DDAC9B /* Project object */;
}
